{
  "lockfile_version": "1",
  "packages": {
    "delve@latest": {
      "last_modified": "2026-01-23T17:20:52Z",
      "resolved": "github:NixOS/nixpkgs/a1bab9e494f5f4939442a57a58d0449a109593fe#delve",
      "source": "devbox-search",
      "version": "1.26.0",
      "systems": {
        "aarch64-darwin": {
          "outputs": [
            {
              "name": "out",
              "path": "/nix/store/4nx6qvmbiv930crl90hfpajs1qbnw4bq-delve-1.26.0",
              "default": true
            }
          ],
          "store_path": "/nix/store/4nx6qvmbiv930crl90hfpajs1qbnw4bq-delve-1.26.0"
        },
        "aarch64-linux": {
          "outputs": [
            {
              "name": "out",
              "path": "/nix/store/pldz11qcj5l81qpi7zfa20qm8az1xqr3-delve-1.26.0",
              "default": true
            }
          ],
          "store_path": "/nix/store/pldz11qcj5l81qpi7zfa20qm8az1xqr3-delve-1.26.0"
        },
        "x86_64-darwin": {
          "outputs": [
            {
              "name": "out",
              "path": "/nix/store/28dggv2ddvqwh9lqikgfm727h1xrv6dr-delve-1.26.0",
              "default": true
            }
          ],
          "store_path": "/nix/store/28dggv2ddvqwh9lqikgfm727h1xrv6dr-delve-1.26.0"
        },
        "x86_64-linux": {
          "outputs": [
            {
              "name": "out",
              "path": "/nix/store/6p0zv83gmnrr999mfs0hzd2120mgj2sl-delve-1.26.0",
              "default": true
            }
          ],
          "store_path": "/nix/store/6p0zv83gmnrr999mfs0hzd2120mgj2sl-delve-1.26.0"
        }
      }
    },
    "github:NixOS/nixpkgs/nixpkgs-unstable": {
      "last_modified": "2026-02-08T07:51:33Z",
      "resolved": "github:NixOS/nixpkgs/fef9403a3e4d31b0a23f0bacebbec52c248fbb51?lastModified=1770537093&narHash=sha256-pF1quXG5wsgtyuPOHcLfYg%2Fft%2FQMr8NnX0i6tW2187s%3D"
    },
    "go@latest": {
      "last_modified": "2026-01-23T17:20:52Z",
      "resolved": "github:NixOS/nixpkgs/a1bab9e494f5f4939442a57a58d0449a109593fe#go",
      "source": "devbox-search",
      "version": "1.25.5",
      "systems": {
        "aarch64-darwin": {
          "outputs": [
            {
              "name": "out",
              "path": "/nix/store/wh88zz6r1ihcp2mm7ys1f2anp8aga6n2-go-1.25.5",
              "default": true
            }
          ],
          "store_path": "/nix/store/wh88zz6r1ihcp2mm7ys1f2anp8aga6n2-go-1.25.5"
        },
        "aarch64-linux": {
          "outputs": [
            {
              "name": "out",
              "path": "/nix/store/k3knzdi0v21bf2m7vcxpdy1jnqg1h0zk-go-1.25.5",
              "default": true
            }
          ],
          "store_path": "/nix/store/k3knzdi0v21bf2m7vcxpdy1jnqg1h0zk-go-1.25.5"
        },
        "x86_64-darwin": {
          "outputs": [
            {
              "name": "out",
              "path": "/nix/store/bwdahzajhqd5x14dbvkqww5f1wpsxif3-go-1.25.5",
              "default": true
            }
          ],
          "store_path": "/nix/store/bwdahzajhqd5x14dbvkqww5f1wpsxif3-go-1.25.5"
        },
        "x86_64-linux": {
          "outputs": [
            {
              "name": "out",
              "path": "/nix/store/zzvsjgylnphvhms3lgr2qlwdxmc68z66-go-1.25.5",
              "default": true
            }
          ],
          "store_path": "/nix/store/zzvsjgylnphvhms3lgr2qlwdxmc68z66-go-1.25.5"
        }
      }
    },
    "gopls@latest": {
      "last_modified": "2026-02-03T17:56:14Z",
      "resolved": "github:NixOS/nixpkgs/41965737c1797c1d83cfb0b644ed0840a6220bd1#gopls",
      "source": "devbox-search",
      "version": "0.21.0",
      "systems": {
        "aarch64-darwin": {
          "outputs": [
            {
              "name": "out",
              "path": "/nix/store/gj2p6j8z5d7cyrfrdvwy5y8f2mdq2bwd-gopls-0.21.0",
              "default": true
            }
          ],
          "store_path": "/nix/store/gj2p6j8z5d7cyrfrdvwy5y8f2mdq2bwd-gopls-0.21.0"
        },
        "aarch64-linux": {
          "outputs": [
            {
              "name": "out",
              "path": "/nix/store/w3w3n24dccb3m9jn2x7vf8xsspxxnddv-gopls-0.21.0",
              "default": true
            }
          ],
          "store_path": "/nix/store/w3w3n24dccb3m9jn2x7vf8xsspxxnddv-gopls-0.21.0"
        },
        "x86_64-darwin": {
          "outputs": [
            {
              "name": "out",
              "path": "/nix/store/a9s8m95jfdy5zd8rv82dpjzh0js0a5hy-gopls-0.21.0",
              "default": true
            }
          ],
          "store_path": "/nix/store/a9s8m95jfdy5zd8rv82dpjzh0js0a5hy-gopls-0.21.0"
        },
        "x86_64-linux": {
          "outputs": [
            {
              "name": "out",
              "path": "/nix/store/m570vp4ikfx2k5r11mkr20r5cg1q9gfm-gopls-0.21.0",
              "default": true
            }
          ],
          "store_path": "/nix/store/m570vp4ikfx2k5r11mkr20r5cg1q9gfm-gopls-0.21.0"
        }
      }
    }
  }
}
